
Microsoft Visual Studio Solution File, Format Version 12.00
# Visual Studio Version 16
VisualStudioVersion = 16.0.30114.105
MinimumVisualStudioVersion = 10.0.40219.1
Project("{FAE04EC0-301F-11D3-BF4B-00C04F79EFBC}") = "ApacheKafkaProducerDemo", "ApacheKafkaProducerDemo\ApacheKafkaProducerDemo.csproj", "{6EBE9717-A09C-40B0-8872-48AC863E99C9}"
EndProject
Project("{FAE04EC0-301F-11D3-BF4B-00C04F79EFBC}") = "ApacheKafkaConsumerDemo", "ApacheKafkaConsumerDemo\ApacheKafkaConsumerDemo.csproj", "{A6305865-1D15-4B41-9F64-6F9EC642F045}"
EndProject
Global
	GlobalSection(SolutionConfigurationPlatforms) = preSolution
		Debug|Any CPU = Debug|Any CPU
		Release|Any CPU = Release|Any CPU
	EndGlobalSection
	GlobalSection(SolutionProperties) = preSolution
		HideSolutionNode = FALSE
	EndGlobalSection
	GlobalSection(ProjectConfigurationPlatforms) = postSolution
		{6EBE9717-A09C-40B0-8872-48AC863E99C9}.Debug|Any CPU.ActiveCfg = Debug|Any CPU
		{6EBE9717-A09C-40B0-8872-48AC863E99C9}.Debug|Any CPU.Build.0 = Debug|Any CPU
		{6EBE9717-A09C-40B0-8872-48AC863E99C9}.Release|Any CPU.ActiveCfg = Release|Any CPU
		{6EBE9717-A09C-40B0-8872-48AC863E99C9}.Release|Any CPU.Build.0 = Release|Any CPU
		{A6305865-1D15-4B41-9F64-6F9EC642F045}.Debug|Any CPU.ActiveCfg = Debug|Any CPU
		{A6305865-1D15-4B41-9F64-6F9EC642F045}.Debug|Any CPU.Build.0 = Debug|Any CPU
		{A6305865-1D15-4B41-9F64-6F9EC642F045}.Release|Any CPU.ActiveCfg = Release|Any CPU
		{A6305865-1D15-4B41-9F64-6F9EC642F045}.Release|Any CPU.Build.0 = Release|Any CPU
	EndGlobalSection
EndGlobal
